
Microsoft Visual Studio Solution File, Format Version 11.00
# Visual Studio 2010
Project("{8BC9CEB8-8B4A-11D0-8D11-00A0C91BC942}") = "NiSimpleViewer", "NiSimpleViewer\NiSimpleViewer.vcxproj", "{20CC4D15-93CC-4749-AC91-9A52BCFD5A1C}"
EndProject
Project("{8BC9CEB8-8B4A-11D0-8D11-00A0C91BC942}") = "Example_DisplayRawData", "Example_DisplayRawData\Example_DisplayRawData.vcxproj", "{E44F2F8C-1A80-4E42-ADBA-493E1653B238}"
EndProject
Global
	GlobalSection(SolutionConfigurationPlatforms) = preSolution
		Debug|Win32 = Debug|Win32
		Release|Win32 = Release|Win32
	EndGlobalSection
	GlobalSection(ProjectConfigurationPlatforms) = postSolution
		{20CC4D15-93CC-4749-AC91-9A52BCFD5A1C}.Debug|Win32.ActiveCfg = Debug|Win32
		{20CC4D15-93CC-4749-AC91-9A52BCFD5A1C}.Debug|Win32.Build.0 = Debug|Win32
		{20CC4D15-93CC-4749-AC91-9A52BCFD5A1C}.Release|Win32.ActiveCfg = Release|Win32
		{20CC4D15-93CC-4749-AC91-9A52BCFD5A1C}.Release|Win32.Build.0 = Release|Win32
		{E44F2F8C-1A80-4E42-ADBA-493E1653B238}.Debug|Win32.ActiveCfg = Debug|Win32
		{E44F2F8C-1A80-4E42-ADBA-493E1653B238}.Debug|Win32.Build.0 = Debug|Win32
		{E44F2F8C-1A80-4E42-ADBA-493E1653B238}.Release|Win32.ActiveCfg = Release|Win32
		{E44F2F8C-1A80-4E42-ADBA-493E1653B238}.Release|Win32.Build.0 = Release|Win32
	EndGlobalSection
	GlobalSection(SolutionProperties) = preSolution
		HideSolutionNode = FALSE
	EndGlobalSection
EndGlobal
