
Microsoft Visual Studio Solution File, Format Version 11.00
# Visual Studio 2010
Project("{8BC9CEB8-8B4A-11D0-8D11-00A0C91BC942}") = "Common", "Samples_OpenNI_Cpp\Common\Common.vcxproj", "{35ECAF0C-CD77-4085-80E9-CAA4506E7AC4}"
EndProject
Project("{8BC9CEB8-8B4A-11D0-8D11-00A0C91BC942}") = "DisplayRawData", "Samples_OpenNI_Cpp\DisplayRawData\DisplayRawData.vcxproj", "{E44F2F8C-1A80-4E42-ADBA-493E1653B238}"
EndProject
Project("{8BC9CEB8-8B4A-11D0-8D11-00A0C91BC942}") = "TrackHand", "Samples_OpenNI_Cpp\TrackHand\TrackHand.vcxproj", "{88F55C38-DBCF-48E9-9F31-4AC09B2897B9}"
EndProject
Project("{8BC9CEB8-8B4A-11D0-8D11-00A0C91BC942}") = "TrackHuman", "Samples_OpenNI_Cpp\TrackHuman\TrackHuman.vcxproj", "{1676E998-091C-40F1-8683-DFDC2AB8363A}"
EndProject
Project("{8BC9CEB8-8B4A-11D0-8D11-00A0C91BC942}") = "Electricus", "Electricus\Electricus.vcxproj", "{214DEEF2-4822-466E-BCCF-F1AF50A74226}"
EndProject
Project("{8BC9CEB8-8B4A-11D0-8D11-00A0C91BC942}") = "SoundBoard", "SoundBoard\SoundBoard.vcxproj", "{BF3FF6D3-2A01-49B8-927F-0E7B5D01984E}"
EndProject
Project("{8BC9CEB8-8B4A-11D0-8D11-00A0C91BC942}") = "DrumMachine", "DrumMachine\DrumMachine.vcxproj", "{F719ACF8-5348-4900-A9D7-D50F92093E0D}"
EndProject
Global
	GlobalSection(SolutionConfigurationPlatforms) = preSolution
		Debug|Win32 = Debug|Win32
		Release|Win32 = Release|Win32
	EndGlobalSection
	GlobalSection(ProjectConfigurationPlatforms) = postSolution
		{35ECAF0C-CD77-4085-80E9-CAA4506E7AC4}.Debug|Win32.ActiveCfg = Debug|Win32
		{35ECAF0C-CD77-4085-80E9-CAA4506E7AC4}.Debug|Win32.Build.0 = Debug|Win32
		{35ECAF0C-CD77-4085-80E9-CAA4506E7AC4}.Release|Win32.ActiveCfg = Release|Win32
		{35ECAF0C-CD77-4085-80E9-CAA4506E7AC4}.Release|Win32.Build.0 = Release|Win32
		{E44F2F8C-1A80-4E42-ADBA-493E1653B238}.Debug|Win32.ActiveCfg = Debug|Win32
		{E44F2F8C-1A80-4E42-ADBA-493E1653B238}.Debug|Win32.Build.0 = Debug|Win32
		{E44F2F8C-1A80-4E42-ADBA-493E1653B238}.Release|Win32.ActiveCfg = Release|Win32
		{E44F2F8C-1A80-4E42-ADBA-493E1653B238}.Release|Win32.Build.0 = Release|Win32
		{88F55C38-DBCF-48E9-9F31-4AC09B2897B9}.Debug|Win32.ActiveCfg = Debug|Win32
		{88F55C38-DBCF-48E9-9F31-4AC09B2897B9}.Debug|Win32.Build.0 = Debug|Win32
		{88F55C38-DBCF-48E9-9F31-4AC09B2897B9}.Release|Win32.ActiveCfg = Release|Win32
		{88F55C38-DBCF-48E9-9F31-4AC09B2897B9}.Release|Win32.Build.0 = Release|Win32
		{1676E998-091C-40F1-8683-DFDC2AB8363A}.Debug|Win32.ActiveCfg = Debug|Win32
		{1676E998-091C-40F1-8683-DFDC2AB8363A}.Debug|Win32.Build.0 = Debug|Win32
		{1676E998-091C-40F1-8683-DFDC2AB8363A}.Release|Win32.ActiveCfg = Release|Win32
		{1676E998-091C-40F1-8683-DFDC2AB8363A}.Release|Win32.Build.0 = Release|Win32
		{214DEEF2-4822-466E-BCCF-F1AF50A74226}.Debug|Win32.ActiveCfg = Debug|Win32
		{214DEEF2-4822-466E-BCCF-F1AF50A74226}.Debug|Win32.Build.0 = Debug|Win32
		{214DEEF2-4822-466E-BCCF-F1AF50A74226}.Release|Win32.ActiveCfg = Release|Win32
		{214DEEF2-4822-466E-BCCF-F1AF50A74226}.Release|Win32.Build.0 = Release|Win32
		{BF3FF6D3-2A01-49B8-927F-0E7B5D01984E}.Debug|Win32.ActiveCfg = Debug|Win32
		{BF3FF6D3-2A01-49B8-927F-0E7B5D01984E}.Debug|Win32.Build.0 = Debug|Win32
		{BF3FF6D3-2A01-49B8-927F-0E7B5D01984E}.Release|Win32.ActiveCfg = Release|Win32
		{BF3FF6D3-2A01-49B8-927F-0E7B5D01984E}.Release|Win32.Build.0 = Release|Win32
		{F719ACF8-5348-4900-A9D7-D50F92093E0D}.Debug|Win32.ActiveCfg = Debug|Win32
		{F719ACF8-5348-4900-A9D7-D50F92093E0D}.Debug|Win32.Build.0 = Debug|Win32
		{F719ACF8-5348-4900-A9D7-D50F92093E0D}.Release|Win32.ActiveCfg = Release|Win32
		{F719ACF8-5348-4900-A9D7-D50F92093E0D}.Release|Win32.Build.0 = Release|Win32
	EndGlobalSection
	GlobalSection(SolutionProperties) = preSolution
		HideSolutionNode = FALSE
	EndGlobalSection
EndGlobal
