<?xml version="1.0" encoding="utf-8"?>
<Project ToolsVersion="4.0" xmlns="http://schemas.microsoft.com/developer/msbuild/2003">
  <ItemGroup>
    <Filter Include="Source Files">
      <UniqueIdentifier>{4FC737F1-C7A5-4376-A066-2A32D752A2FF}</UniqueIdentifier>
      <Extensions>cpp;c;cc;cxx;def;odl;idl;hpj;bat;asm;asmx</Extensions>
    </Filter>
    <Filter Include="Header Files">
      <UniqueIdentifier>{93995380-89BD-4b04-88EB-625FBE52EBFB}</UniqueIdentifier>
      <Extensions>h;hpp;hxx;hm;inl;inc;xsd</Extensions>
    </Filter>
    <Filter Include="Resource Files">
      <UniqueIdentifier>{67DA6AB6-F800-4c08-8B7A-83BB121AAD01}</UniqueIdentifier>
      <Extensions>rc;ico;cur;bmp;dlg;rc2;rct;bin;rgs;gif;jpg;jpeg;jpe;resx;tiff;tif;png;wav;mfcribbon-ms</Extensions>
    </Filter>
    <Filter Include="Header Files\stk">
      <UniqueIdentifier>{ccb0884e-eb68-4e99-8a5b-52349d8cc308}</UniqueIdentifier>
    </Filter>
    <Filter Include="Source Files\stk">
      <UniqueIdentifier>{c6e865d4-192d-49a1-9012-8f98c506dbd9}</UniqueIdentifier>
    </Filter>
    <Filter Include="Header Files\stk\dep">
      <UniqueIdentifier>{d8555c62-14fb-43bf-992e-fb7a4c8f6011}</UniqueIdentifier>
    </Filter>
    <Filter Include="Source Files\stk\dep">
      <UniqueIdentifier>{72ab91eb-d386-4c5e-b90a-29c8aacaca01}</UniqueIdentifier>
    </Filter>
    <Filter Include="Header Files\kinect">
      <UniqueIdentifier>{392d53b9-2325-4e88-98ca-bf1751befabb}</UniqueIdentifier>
    </Filter>
    <Filter Include="Header Files\game">
      <UniqueIdentifier>{7c054086-b6db-4f7f-a4ff-e89d84e2699d}</UniqueIdentifier>
    </Filter>
    <Filter Include="Source Files\game">
      <UniqueIdentifier>{b773586a-6462-4ea9-8f24-c933c6fa1038}</UniqueIdentifier>
    </Filter>
    <Filter Include="Header Files\music">
      <UniqueIdentifier>{f6407b96-4d06-4056-af93-f6050057a9dc}</UniqueIdentifier>
    </Filter>
    <Filter Include="Source Files\music">
      <UniqueIdentifier>{77550982-30d7-4a6b-b39c-1b852fdb8487}</UniqueIdentifier>
    </Filter>
    <Filter Include="Header Files\xml">
      <UniqueIdentifier>{69e5fafb-8a13-4d8f-a4db-64a783ae6d52}</UniqueIdentifier>
    </Filter>
    <Filter Include="Header Files\music\parser">
      <UniqueIdentifier>{896c05de-2a03-47bf-834e-5650eb4200ea}</UniqueIdentifier>
    </Filter>
    <Filter Include="Header Files\music\factory">
      <UniqueIdentifier>{befdb83d-f890-4f80-91d5-48e8f4eb0f91}</UniqueIdentifier>
    </Filter>
    <Filter Include="Header Files\music\model">
      <UniqueIdentifier>{13a7d149-78ab-4aac-b19b-996b25c670db}</UniqueIdentifier>
    </Filter>
    <Filter Include="Source Files\music\parser">
      <UniqueIdentifier>{4549c2f0-99c1-495d-9537-b9421126e1fd}</UniqueIdentifier>
    </Filter>
    <Filter Include="Source Files\music\factory">
      <UniqueIdentifier>{70d54e31-9f3c-49a2-9bcb-3e4574caca52}</UniqueIdentifier>
    </Filter>
    <Filter Include="Source Files\music\model">
      <UniqueIdentifier>{353a3a28-c364-4f71-a5cd-7967c3034648}</UniqueIdentifier>
    </Filter>
    <Filter Include="Header Files\ui">
      <UniqueIdentifier>{44e714f5-2a2c-403e-ae0e-158f1ba33ae3}</UniqueIdentifier>
    </Filter>
  </ItemGroup>
  <ItemGroup>
    <ClCompile Include="src\AbstractArea.cpp">
      <Filter>Source Files</Filter>
    </ClCompile>
    <ClCompile Include="src\AreaManager.cpp">
      <Filter>Source Files</Filter>
    </ClCompile>
    <ClCompile Include="src\main.cpp">
      <Filter>Source Files</Filter>
    </ClCompile>
    <ClCompile Include="src\SimpleArea.cpp">
      <Filter>Source Files</Filter>
    </ClCompile>
    <ClCompile Include="src\SoundArea.cpp">
      <Filter>Source Files</Filter>
    </ClCompile>
    <ClCompile Include="src\SoundMaker.cpp">
      <Filter>Source Files</Filter>
    </ClCompile>
    <ClCompile Include="dep\stksrc\ADSR.cpp">
      <Filter>Source Files\stk</Filter>
    </ClCompile>
    <ClCompile Include="dep\stksrc\Asymp.cpp">
      <Filter>Source Files\stk</Filter>
    </ClCompile>
    <ClCompile Include="dep\stksrc\BandedWG.cpp">
      <Filter>Source Files\stk</Filter>
    </ClCompile>
    <ClCompile Include="dep\stksrc\BeeThree.cpp">
      <Filter>Source Files\stk</Filter>
    </ClCompile>
    <ClCompile Include="dep\stksrc\BiQuad.cpp">
      <Filter>Source Files\stk</Filter>
    </ClCompile>
    <ClCompile Include="dep\stksrc\Blit.cpp">
      <Filter>Source Files\stk</Filter>
    </ClCompile>
    <ClCompile Include="dep\stksrc\BlitSaw.cpp">
      <Filter>Source Files\stk</Filter>
    </ClCompile>
    <ClCompile Include="dep\stksrc\BlitSquare.cpp">
      <Filter>Source Files\stk</Filter>
    </ClCompile>
    <ClCompile Include="dep\stksrc\BlowBotl.cpp">
      <Filter>Source Files\stk</Filter>
    </ClCompile>
    <ClCompile Include="dep\stksrc\BlowHole.cpp">
      <Filter>Source Files\stk</Filter>
    </ClCompile>
    <ClCompile Include="dep\stksrc\Bowed.cpp">
      <Filter>Source Files\stk</Filter>
    </ClCompile>
    <ClCompile Include="dep\stksrc\Brass.cpp">
      <Filter>Source Files\stk</Filter>
    </ClCompile>
    <ClCompile Include="dep\stksrc\Chorus.cpp">
      <Filter>Source Files\stk</Filter>
    </ClCompile>
    <ClCompile Include="dep\stksrc\Clarinet.cpp">
      <Filter>Source Files\stk</Filter>
    </ClCompile>
    <ClCompile Include="dep\stksrc\Delay.cpp">
      <Filter>Source Files\stk</Filter>
    </ClCompile>
    <ClCompile Include="dep\stksrc\DelayA.cpp">
      <Filter>Source Files\stk</Filter>
    </ClCompile>
    <ClCompile Include="dep\stksrc\DelayL.cpp">
      <Filter>Source Files\stk</Filter>
    </ClCompile>
    <ClCompile Include="dep\stksrc\Drummer.cpp">
      <Filter>Source Files\stk</Filter>
    </ClCompile>
    <ClCompile Include="dep\stksrc\Echo.cpp">
      <Filter>Source Files\stk</Filter>
    </ClCompile>
    <ClCompile Include="dep\stksrc\Envelope.cpp">
      <Filter>Source Files\stk</Filter>
    </ClCompile>
    <ClCompile Include="dep\stksrc\FileLoop.cpp">
      <Filter>Source Files\stk</Filter>
    </ClCompile>
    <ClCompile Include="dep\stksrc\FileRead.cpp">
      <Filter>Source Files\stk</Filter>
    </ClCompile>
    <ClCompile Include="dep\stksrc\FileWrite.cpp">
      <Filter>Source Files\stk</Filter>
    </ClCompile>
    <ClCompile Include="dep\stksrc\FileWvIn.cpp">
      <Filter>Source Files\stk</Filter>
    </ClCompile>
    <ClCompile Include="dep\stksrc\FileWvOut.cpp">
      <Filter>Source Files\stk</Filter>
    </ClCompile>
    <ClCompile Include="dep\stksrc\Fir.cpp">
      <Filter>Source Files\stk</Filter>
    </ClCompile>
    <ClCompile Include="dep\stksrc\Flute.cpp">
      <Filter>Source Files\stk</Filter>
    </ClCompile>
    <ClCompile Include="dep\stksrc\FM.cpp">
      <Filter>Source Files\stk</Filter>
    </ClCompile>
    <ClCompile Include="dep\stksrc\FMVoices.cpp">
      <Filter>Source Files\stk</Filter>
    </ClCompile>
    <ClCompile Include="dep\stksrc\FormSwep.cpp">
      <Filter>Source Files\stk</Filter>
    </ClCompile>
    <ClCompile Include="dep\stksrc\FreeVerb.cpp">
      <Filter>Source Files\stk</Filter>
    </ClCompile>
    <ClCompile Include="dep\stksrc\Granulate.cpp">
      <Filter>Source Files\stk</Filter>
    </ClCompile>
    <ClCompile Include="dep\stksrc\Guitar.cpp">
      <Filter>Source Files\stk</Filter>
    </ClCompile>
    <ClCompile Include="dep\stksrc\HevyMetl.cpp">
      <Filter>Source Files\stk</Filter>
    </ClCompile>
    <ClCompile Include="dep\stksrc\Iir.cpp">
      <Filter>Source Files\stk</Filter>
    </ClCompile>
    <ClCompile Include="dep\stksrc\InetWvIn.cpp">
      <Filter>Source Files\stk</Filter>
    </ClCompile>
    <ClCompile Include="dep\stksrc\InetWvOut.cpp">
      <Filter>Source Files\stk</Filter>
    </ClCompile>
    <ClCompile Include="dep\stksrc\JCRev.cpp">
      <Filter>Source Files\stk</Filter>
    </ClCompile>
    <ClCompile Include="dep\stksrc\LentPitShift.cpp">
      <Filter>Source Files\stk</Filter>
    </ClCompile>
    <ClCompile Include="dep\stksrc\Mandolin.cpp">
      <Filter>Source Files\stk</Filter>
    </ClCompile>
    <ClCompile Include="dep\stksrc\Mesh2D.cpp">
      <Filter>Source Files\stk</Filter>
    </ClCompile>
    <ClCompile Include="dep\stksrc\Messager.cpp">
      <Filter>Source Files\stk</Filter>
    </ClCompile>
    <ClCompile Include="dep\stksrc\MidiFileIn.cpp">
      <Filter>Source Files\stk</Filter>
    </ClCompile>
    <ClCompile Include="dep\stksrc\Modal.cpp">
      <Filter>Source Files\stk</Filter>
    </ClCompile>
    <ClCompile Include="dep\stksrc\ModalBar.cpp">
      <Filter>Source Files\stk</Filter>
    </ClCompile>
    <ClCompile Include="dep\stksrc\Modulate.cpp">
      <Filter>Source Files\stk</Filter>
    </ClCompile>
    <ClCompile Include="dep\stksrc\Moog.cpp">
      <Filter>Source Files\stk</Filter>
    </ClCompile>
    <ClCompile Include="dep\stksrc\Mutex.cpp">
      <Filter>Source Files\stk</Filter>
    </ClCompile>
    <ClCompile Include="dep\stksrc\Noise.cpp">
      <Filter>Source Files\stk</Filter>
    </ClCompile>
    <ClCompile Include="dep\stksrc\NRev.cpp">
      <Filter>Source Files\stk</Filter>
    </ClCompile>
    <ClCompile Include="dep\stksrc\OnePole.cpp">
      <Filter>Source Files\stk</Filter>
    </ClCompile>
    <ClCompile Include="dep\stksrc\OneZero.cpp">
      <Filter>Source Files\stk</Filter>
    </ClCompile>
    <ClCompile Include="dep\stksrc\PercFlut.cpp">
      <Filter>Source Files\stk</Filter>
    </ClCompile>
    <ClCompile Include="dep\stksrc\Phonemes.cpp">
      <Filter>Source Files\stk</Filter>
    </ClCompile>
    <ClCompile Include="dep\stksrc\PitShift.cpp">
      <Filter>Source Files\stk</Filter>
    </ClCompile>
    <ClCompile Include="dep\stksrc\Plucked.cpp">
      <Filter>Source Files\stk</Filter>
    </ClCompile>
    <ClCompile Include="dep\stksrc\PoleZero.cpp">
      <Filter>Source Files\stk</Filter>
    </ClCompile>
    <ClCompile Include="dep\stksrc\PRCRev.cpp">
      <Filter>Source Files\stk</Filter>
    </ClCompile>
    <ClCompile Include="dep\stksrc\Resonate.cpp">
      <Filter>Source Files\stk</Filter>
    </ClCompile>
    <ClCompile Include="dep\stksrc\Rhodey.cpp">
      <Filter>Source Files\stk</Filter>
    </ClCompile>
    <ClCompile Include="dep\stksrc\RtAudio.cpp">
      <Filter>Source Files\stk</Filter>
    </ClCompile>
    <ClCompile Include="dep\stksrc\RtMidi.cpp">
      <Filter>Source Files\stk</Filter>
    </ClCompile>
    <ClCompile Include="dep\stksrc\RtWvIn.cpp">
      <Filter>Source Files\stk</Filter>
    </ClCompile>
    <ClCompile Include="dep\stksrc\RtWvOut.cpp">
      <Filter>Source Files\stk</Filter>
    </ClCompile>
    <ClCompile Include="dep\stksrc\Sampler.cpp">
      <Filter>Source Files\stk</Filter>
    </ClCompile>
    <ClCompile Include="dep\stksrc\Saxofony.cpp">
      <Filter>Source Files\stk</Filter>
    </ClCompile>
    <ClCompile Include="dep\stksrc\Shakers.cpp">
      <Filter>Source Files\stk</Filter>
    </ClCompile>
    <ClCompile Include="dep\stksrc\Simple.cpp">
      <Filter>Source Files\stk</Filter>
    </ClCompile>
    <ClCompile Include="dep\stksrc\SineWave.cpp">
      <Filter>Source Files\stk</Filter>
    </ClCompile>
    <ClCompile Include="dep\stksrc\SingWave.cpp">
      <Filter>Source Files\stk</Filter>
    </ClCompile>
    <ClCompile Include="dep\stksrc\Sitar.cpp">
      <Filter>Source Files\stk</Filter>
    </ClCompile>
    <ClCompile Include="dep\stksrc\Skini.cpp">
      <Filter>Source Files\stk</Filter>
    </ClCompile>
    <ClCompile Include="dep\stksrc\Socket.cpp">
      <Filter>Source Files\stk</Filter>
    </ClCompile>
    <ClCompile Include="dep\stksrc\Sphere.cpp">
      <Filter>Source Files\stk</Filter>
    </ClCompile>
    <ClCompile Include="dep\stksrc\StifKarp.cpp">
      <Filter>Source Files\stk</Filter>
    </ClCompile>
    <ClCompile Include="dep\stksrc\Stk.cpp">
      <Filter>Source Files\stk</Filter>
    </ClCompile>
    <ClCompile Include="dep\stksrc\TapDelay.cpp">
      <Filter>Source Files\stk</Filter>
    </ClCompile>
    <ClCompile Include="dep\stksrc\TcpClient.cpp">
      <Filter>Source Files\stk</Filter>
    </ClCompile>
    <ClCompile Include="dep\stksrc\TcpServer.cpp">
      <Filter>Source Files\stk</Filter>
    </ClCompile>
    <ClCompile Include="dep\stksrc\Thread.cpp">
      <Filter>Source Files\stk</Filter>
    </ClCompile>
    <ClCompile Include="dep\stksrc\TubeBell.cpp">
      <Filter>Source Files\stk</Filter>
    </ClCompile>
    <ClCompile Include="dep\stksrc\Twang.cpp">
      <Filter>Source Files\stk</Filter>
    </ClCompile>
    <ClCompile Include="dep\stksrc\TwoPole.cpp">
      <Filter>Source Files\stk</Filter>
    </ClCompile>
    <ClCompile Include="dep\stksrc\TwoZero.cpp">
      <Filter>Source Files\stk</Filter>
    </ClCompile>
    <ClCompile Include="dep\stksrc\UdpSocket.cpp">
      <Filter>Source Files\stk</Filter>
    </ClCompile>
    <ClCompile Include="dep\stksrc\Voicer.cpp">
      <Filter>Source Files\stk</Filter>
    </ClCompile>
    <ClCompile Include="dep\stksrc\VoicForm.cpp">
      <Filter>Source Files\stk</Filter>
    </ClCompile>
    <ClCompile Include="dep\stksrc\Whistle.cpp">
      <Filter>Source Files\stk</Filter>
    </ClCompile>
    <ClCompile Include="dep\stksrc\Wurley.cpp">
      <Filter>Source Files\stk</Filter>
    </ClCompile>
    <ClCompile Include="src\Button.cpp">
      <Filter>Source Files</Filter>
    </ClCompile>
    <ClCompile Include="src\FreePlayingGame.cpp">
      <Filter>Source Files\game</Filter>
    </ClCompile>
    <ClCompile Include="src\MenuScreen.cpp">
      <Filter>Source Files\game</Filter>
    </ClCompile>
    <ClCompile Include="src\MovingArea.cpp">
      <Filter>Source Files</Filter>
    </ClCompile>
    <ClCompile Include="src\FallingBlockGame.cpp">
      <Filter>Source Files\game</Filter>
    </ClCompile>
    <ClCompile Include="src\SoundMovingArea.cpp">
      <Filter>Source Files</Filter>
    </ClCompile>
    <ClCompile Include="src\MusicBlocksProvider.cpp">
      <Filter>Source Files\music</Filter>
    </ClCompile>
    <ClCompile Include="src\AbstractProvider.cpp">
      <Filter>Source Files\music</Filter>
    </ClCompile>
    <ClCompile Include="src\FileParser.cpp">
      <Filter>Source Files\music\parser</Filter>
    </ClCompile>
    <ClCompile Include="src\SimpleFileParser.cpp">
      <Filter>Source Files\music\parser</Filter>
    </ClCompile>
    <ClCompile Include="src\SimpleMusicBlockFactory.cpp">
      <Filter>Source Files\music\factory</Filter>
    </ClCompile>
    <ClCompile Include="src\FallingMusicBlockFactory.cpp">
      <Filter>Source Files\music\factory</Filter>
    </ClCompile>
    <ClCompile Include="src\MusicNote.cpp">
      <Filter>Source Files\music\model</Filter>
    </ClCompile>
    <ClCompile Include="src\MusicFileConfig.cpp">
      <Filter>Source Files\music\model</Filter>
    </ClCompile>
    <ClCompile Include="src\SimpleMusicBlockParser.cpp">
      <Filter>Source Files\music\parser</Filter>
    </ClCompile>
    <ClCompile Include="src\XMLMusicBlockParser.cpp">
      <Filter>Source Files\music\parser</Filter>
    </ClCompile>
    <ClCompile Include="src\ResourceManager.cpp">
      <Filter>Source Files</Filter>
    </ClCompile>
    <ClCompile Include="src\SoundMovingAreav2.cpp">
      <Filter>Source Files</Filter>
    </ClCompile>
    <ClCompile Include="src\SoundMovingAreaBuilder.cpp">
      <Filter>Source Files\music\factory</Filter>
    </ClCompile>
  </ItemGroup>
  <ItemGroup>
    <ClInclude Include="src\AbstractArea.h">
      <Filter>Header Files</Filter>
    </ClInclude>
    <ClInclude Include="src\SoundMaker.h">
      <Filter>Header Files</Filter>
    </ClInclude>
    <ClInclude Include="src\AreaManager.h">
      <Filter>Header Files</Filter>
    </ClInclude>
    <ClInclude Include="dep\stksrc\include\asio.h">
      <Filter>Header Files\stk\dep</Filter>
    </ClInclude>
    <ClInclude Include="dep\stksrc\include\asiodrivers.h">
      <Filter>Header Files\stk\dep</Filter>
    </ClInclude>
    <ClInclude Include="dep\stksrc\include\asiodrvr.h">
      <Filter>Header Files\stk\dep</Filter>
    </ClInclude>
    <ClInclude Include="dep\stksrc\include\asiolist.h">
      <Filter>Header Files\stk\dep</Filter>
    </ClInclude>
    <ClInclude Include="dep\stksrc\include\asiosys.h">
      <Filter>Header Files\stk\dep</Filter>
    </ClInclude>
    <ClInclude Include="dep\stksrc\include\dsound.h">
      <Filter>Header Files\stk\dep</Filter>
    </ClInclude>
    <ClInclude Include="dep\stksrc\include\FunctionDiscoveryKeys_devpkey.h">
      <Filter>Header Files\stk\dep</Filter>
    </ClInclude>
    <ClInclude Include="dep\stksrc\include\ginclude.h">
      <Filter>Header Files\stk\dep</Filter>
    </ClInclude>
    <ClInclude Include="dep\stksrc\include\iasiodrv.h">
      <Filter>Header Files\stk\dep</Filter>
    </ClInclude>
    <ClInclude Include="dep\stksrc\include\iasiothiscallresolver.h">
      <Filter>Header Files\stk\dep</Filter>
    </ClInclude>
    <ClInclude Include="dep\stksrc\include\soundcard.h">
      <Filter>Header Files\stk\dep</Filter>
    </ClInclude>
    <ClInclude Include="dep\stksrc\ADSR.h">
      <Filter>Header Files\stk\dep</Filter>
    </ClInclude>
    <ClInclude Include="dep\stksrc\Asymp.h">
      <Filter>Header Files\stk\dep</Filter>
    </ClInclude>
    <ClInclude Include="dep\stksrc\BandedWG.h">
      <Filter>Header Files\stk\dep</Filter>
    </ClInclude>
    <ClInclude Include="dep\stksrc\BeeThree.h">
      <Filter>Header Files\stk\dep</Filter>
    </ClInclude>
    <ClInclude Include="dep\stksrc\BiQuad.h">
      <Filter>Header Files\stk\dep</Filter>
    </ClInclude>
    <ClInclude Include="dep\stksrc\Blit.h">
      <Filter>Header Files\stk\dep</Filter>
    </ClInclude>
    <ClInclude Include="dep\stksrc\BlitSaw.h">
      <Filter>Header Files\stk\dep</Filter>
    </ClInclude>
    <ClInclude Include="dep\stksrc\BlitSquare.h">
      <Filter>Header Files\stk\dep</Filter>
    </ClInclude>
    <ClInclude Include="dep\stksrc\BlowBotl.h">
      <Filter>Header Files\stk\dep</Filter>
    </ClInclude>
    <ClInclude Include="dep\stksrc\BlowHole.h">
      <Filter>Header Files\stk\dep</Filter>
    </ClInclude>
    <ClInclude Include="dep\stksrc\Bowed.h">
      <Filter>Header Files\stk\dep</Filter>
    </ClInclude>
    <ClInclude Include="dep\stksrc\BowTable.h">
      <Filter>Header Files\stk\dep</Filter>
    </ClInclude>
    <ClInclude Include="dep\stksrc\Brass.h">
      <Filter>Header Files\stk\dep</Filter>
    </ClInclude>
    <ClInclude Include="dep\stksrc\Chorus.h">
      <Filter>Header Files\stk\dep</Filter>
    </ClInclude>
    <ClInclude Include="dep\stksrc\Clarinet.h">
      <Filter>Header Files\stk\dep</Filter>
    </ClInclude>
    <ClInclude Include="dep\stksrc\Cubic.h">
      <Filter>Header Files\stk\dep</Filter>
    </ClInclude>
    <ClInclude Include="dep\stksrc\Delay.h">
      <Filter>Header Files\stk\dep</Filter>
    </ClInclude>
    <ClInclude Include="dep\stksrc\DelayA.h">
      <Filter>Header Files\stk\dep</Filter>
    </ClInclude>
    <ClInclude Include="dep\stksrc\DelayL.h">
      <Filter>Header Files\stk\dep</Filter>
    </ClInclude>
    <ClInclude Include="dep\stksrc\Drummer.h">
      <Filter>Header Files\stk\dep</Filter>
    </ClInclude>
    <ClInclude Include="dep\stksrc\Echo.h">
      <Filter>Header Files\stk\dep</Filter>
    </ClInclude>
    <ClInclude Include="dep\stksrc\Effect.h">
      <Filter>Header Files\stk\dep</Filter>
    </ClInclude>
    <ClInclude Include="dep\stksrc\Envelope.h">
      <Filter>Header Files\stk\dep</Filter>
    </ClInclude>
    <ClInclude Include="dep\stksrc\FileLoop.h">
      <Filter>Header Files\stk\dep</Filter>
    </ClInclude>
    <ClInclude Include="dep\stksrc\FileRead.h">
      <Filter>Header Files\stk\dep</Filter>
    </ClInclude>
    <ClInclude Include="dep\stksrc\FileWrite.h">
      <Filter>Header Files\stk\dep</Filter>
    </ClInclude>
    <ClInclude Include="dep\stksrc\FileWvIn.h">
      <Filter>Header Files\stk\dep</Filter>
    </ClInclude>
    <ClInclude Include="dep\stksrc\FileWvOut.h">
      <Filter>Header Files\stk\dep</Filter>
    </ClInclude>
    <ClInclude Include="dep\stksrc\Filter.h">
      <Filter>Header Files\stk\dep</Filter>
    </ClInclude>
    <ClInclude Include="dep\stksrc\Fir.h">
      <Filter>Header Files\stk\dep</Filter>
    </ClInclude>
    <ClInclude Include="dep\stksrc\Flute.h">
      <Filter>Header Files\stk\dep</Filter>
    </ClInclude>
    <ClInclude Include="dep\stksrc\FM.h">
      <Filter>Header Files\stk\dep</Filter>
    </ClInclude>
    <ClInclude Include="dep\stksrc\FMVoices.h">
      <Filter>Header Files\stk\dep</Filter>
    </ClInclude>
    <ClInclude Include="dep\stksrc\FormSwep.h">
      <Filter>Header Files\stk\dep</Filter>
    </ClInclude>
    <ClInclude Include="dep\stksrc\FreeVerb.h">
      <Filter>Header Files\stk\dep</Filter>
    </ClInclude>
    <ClInclude Include="dep\stksrc\Function.h">
      <Filter>Header Files\stk\dep</Filter>
    </ClInclude>
    <ClInclude Include="dep\stksrc\Generator.h">
      <Filter>Header Files\stk\dep</Filter>
    </ClInclude>
    <ClInclude Include="dep\stksrc\Granulate.h">
      <Filter>Header Files\stk\dep</Filter>
    </ClInclude>
    <ClInclude Include="dep\stksrc\Guitar.h">
      <Filter>Header Files\stk\dep</Filter>
    </ClInclude>
    <ClInclude Include="dep\stksrc\HevyMetl.h">
      <Filter>Header Files\stk\dep</Filter>
    </ClInclude>
    <ClInclude Include="dep\stksrc\Iir.h">
      <Filter>Header Files\stk\dep</Filter>
    </ClInclude>
    <ClInclude Include="dep\stksrc\InetWvIn.h">
      <Filter>Header Files\stk\dep</Filter>
    </ClInclude>
    <ClInclude Include="dep\stksrc\InetWvOut.h">
      <Filter>Header Files\stk\dep</Filter>
    </ClInclude>
    <ClInclude Include="dep\stksrc\Instrmnt.h">
      <Filter>Header Files\stk\dep</Filter>
    </ClInclude>
    <ClInclude Include="dep\stksrc\JCRev.h">
      <Filter>Header Files\stk\dep</Filter>
    </ClInclude>
    <ClInclude Include="dep\stksrc\JetTable.h">
      <Filter>Header Files\stk\dep</Filter>
    </ClInclude>
    <ClInclude Include="dep\stksrc\LentPitShift.h">
      <Filter>Header Files\stk\dep</Filter>
    </ClInclude>
    <ClInclude Include="dep\stksrc\Mandolin.h">
      <Filter>Header Files\stk\dep</Filter>
    </ClInclude>
    <ClInclude Include="dep\stksrc\Mesh2D.h">
      <Filter>Header Files\stk\dep</Filter>
    </ClInclude>
    <ClInclude Include="dep\stksrc\Messager.h">
      <Filter>Header Files\stk\dep</Filter>
    </ClInclude>
    <ClInclude Include="dep\stksrc\MidiFileIn.h">
      <Filter>Header Files\stk\dep</Filter>
    </ClInclude>
    <ClInclude Include="dep\stksrc\Modal.h">
      <Filter>Header Files\stk\dep</Filter>
    </ClInclude>
    <ClInclude Include="dep\stksrc\ModalBar.h">
      <Filter>Header Files\stk\dep</Filter>
    </ClInclude>
    <ClInclude Include="dep\stksrc\Modulate.h">
      <Filter>Header Files\stk\dep</Filter>
    </ClInclude>
    <ClInclude Include="dep\stksrc\Moog.h">
      <Filter>Header Files\stk\dep</Filter>
    </ClInclude>
    <ClInclude Include="dep\stksrc\Mutex.h">
      <Filter>Header Files\stk\dep</Filter>
    </ClInclude>
    <ClInclude Include="dep\stksrc\Noise.h">
      <Filter>Header Files\stk\dep</Filter>
    </ClInclude>
    <ClInclude Include="dep\stksrc\NRev.h">
      <Filter>Header Files\stk\dep</Filter>
    </ClInclude>
    <ClInclude Include="dep\stksrc\OnePole.h">
      <Filter>Header Files\stk\dep</Filter>
    </ClInclude>
    <ClInclude Include="dep\stksrc\OneZero.h">
      <Filter>Header Files\stk\dep</Filter>
    </ClInclude>
    <ClInclude Include="dep\stksrc\PercFlut.h">
      <Filter>Header Files\stk\dep</Filter>
    </ClInclude>
    <ClInclude Include="dep\stksrc\Phonemes.h">
      <Filter>Header Files\stk\dep</Filter>
    </ClInclude>
    <ClInclude Include="dep\stksrc\PitShift.h">
      <Filter>Header Files\stk\dep</Filter>
    </ClInclude>
    <ClInclude Include="dep\stksrc\Plucked.h">
      <Filter>Header Files\stk\dep</Filter>
    </ClInclude>
    <ClInclude Include="dep\stksrc\PoleZero.h">
      <Filter>Header Files\stk\dep</Filter>
    </ClInclude>
    <ClInclude Include="dep\stksrc\PRCRev.h">
      <Filter>Header Files\stk\dep</Filter>
    </ClInclude>
    <ClInclude Include="dep\stksrc\ReedTable.h">
      <Filter>Header Files\stk\dep</Filter>
    </ClInclude>
    <ClInclude Include="dep\stksrc\Resonate.h">
      <Filter>Header Files\stk\dep</Filter>
    </ClInclude>
    <ClInclude Include="dep\stksrc\Rhodey.h">
      <Filter>Header Files\stk\dep</Filter>
    </ClInclude>
    <ClInclude Include="dep\stksrc\RtAudio.h">
      <Filter>Header Files\stk\dep</Filter>
    </ClInclude>
    <ClInclude Include="dep\stksrc\RtMidi.h">
      <Filter>Header Files\stk\dep</Filter>
    </ClInclude>
    <ClInclude Include="dep\stksrc\RtWvIn.h">
      <Filter>Header Files\stk\dep</Filter>
    </ClInclude>
    <ClInclude Include="dep\stksrc\RtWvOut.h">
      <Filter>Header Files\stk\dep</Filter>
    </ClInclude>
    <ClInclude Include="dep\stksrc\Sampler.h">
      <Filter>Header Files\stk\dep</Filter>
    </ClInclude>
    <ClInclude Include="dep\stksrc\Saxofony.h">
      <Filter>Header Files\stk\dep</Filter>
    </ClInclude>
    <ClInclude Include="dep\stksrc\Shakers.h">
      <Filter>Header Files\stk\dep</Filter>
    </ClInclude>
    <ClInclude Include="dep\stksrc\Simple.h">
      <Filter>Header Files\stk\dep</Filter>
    </ClInclude>
    <ClInclude Include="dep\stksrc\SineWave.h">
      <Filter>Header Files\stk\dep</Filter>
    </ClInclude>
    <ClInclude Include="dep\stksrc\SingWave.h">
      <Filter>Header Files\stk\dep</Filter>
    </ClInclude>
    <ClInclude Include="dep\stksrc\Sitar.h">
      <Filter>Header Files\stk\dep</Filter>
    </ClInclude>
    <ClInclude Include="dep\stksrc\Skini.h">
      <Filter>Header Files\stk\dep</Filter>
    </ClInclude>
    <ClInclude Include="dep\stksrc\Socket.h">
      <Filter>Header Files\stk\dep</Filter>
    </ClInclude>
    <ClInclude Include="dep\stksrc\Sphere.h">
      <Filter>Header Files\stk\dep</Filter>
    </ClInclude>
    <ClInclude Include="dep\stksrc\StifKarp.h">
      <Filter>Header Files\stk\dep</Filter>
    </ClInclude>
    <ClInclude Include="dep\stksrc\Stk.h">
      <Filter>Header Files\stk\dep</Filter>
    </ClInclude>
    <ClInclude Include="dep\stksrc\TapDelay.h">
      <Filter>Header Files\stk\dep</Filter>
    </ClInclude>
    <ClInclude Include="dep\stksrc\TcpClient.h">
      <Filter>Header Files\stk\dep</Filter>
    </ClInclude>
    <ClInclude Include="dep\stksrc\TcpServer.h">
      <Filter>Header Files\stk\dep</Filter>
    </ClInclude>
    <ClInclude Include="dep\stksrc\Thread.h">
      <Filter>Header Files\stk\dep</Filter>
    </ClInclude>
    <ClInclude Include="dep\stksrc\TubeBell.h">
      <Filter>Header Files\stk\dep</Filter>
    </ClInclude>
    <ClInclude Include="dep\stksrc\Twang.h">
      <Filter>Header Files\stk\dep</Filter>
    </ClInclude>
    <ClInclude Include="dep\stksrc\TwoPole.h">
      <Filter>Header Files\stk\dep</Filter>
    </ClInclude>
    <ClInclude Include="dep\stksrc\TwoZero.h">
      <Filter>Header Files\stk\dep</Filter>
    </ClInclude>
    <ClInclude Include="dep\stksrc\UdpSocket.h">
      <Filter>Header Files\stk\dep</Filter>
    </ClInclude>
    <ClInclude Include="dep\stksrc\Vector3D.h">
      <Filter>Header Files\stk\dep</Filter>
    </ClInclude>
    <ClInclude Include="dep\stksrc\Voicer.h">
      <Filter>Header Files\stk\dep</Filter>
    </ClInclude>
    <ClInclude Include="dep\stksrc\VoicForm.h">
      <Filter>Header Files\stk\dep</Filter>
    </ClInclude>
    <ClInclude Include="dep\stksrc\Whistle.h">
      <Filter>Header Files\stk\dep</Filter>
    </ClInclude>
    <ClInclude Include="dep\stksrc\Wurley.h">
      <Filter>Header Files\stk\dep</Filter>
    </ClInclude>
    <ClInclude Include="dep\stksrc\WvIn.h">
      <Filter>Header Files\stk\dep</Filter>
    </ClInclude>
    <ClInclude Include="dep\stksrc\WvOut.h">
      <Filter>Header Files\stk\dep</Filter>
    </ClInclude>
    <ClInclude Include="dep\OpenNiUtil.h">
      <Filter>Header Files\kinect</Filter>
    </ClInclude>
    <ClInclude Include="src\GameScreen.h">
      <Filter>Header Files\game</Filter>
    </ClInclude>
    <ClInclude Include="src\FreePlayingGame.h">
      <Filter>Header Files\game</Filter>
    </ClInclude>
    <ClInclude Include="src\GameScreenMgr.h">
      <Filter>Header Files\game</Filter>
    </ClInclude>
    <ClInclude Include="src\GameScreenID.h">
      <Filter>Header Files\game</Filter>
    </ClInclude>
    <ClInclude Include="src\MenuScreen.h">
      <Filter>Header Files\game</Filter>
    </ClInclude>
    <ClInclude Include="src\FallingBlocksGame.h">
      <Filter>Header Files\game</Filter>
    </ClInclude>
    <ClInclude Include="src\MusicBlocksProvider.h">
      <Filter>Header Files\music</Filter>
    </ClInclude>
    <ClInclude Include="src\rapidxml_utils.hpp">
      <Filter>Header Files\xml</Filter>
    </ClInclude>
    <ClInclude Include="src\rapidxml.hpp">
      <Filter>Header Files\xml</Filter>
    </ClInclude>
    <ClInclude Include="src\rapidxml_iterators.hpp">
      <Filter>Header Files\xml</Filter>
    </ClInclude>
    <ClInclude Include="src\rapidxml_print.hpp">
      <Filter>Header Files\xml</Filter>
    </ClInclude>
    <ClInclude Include="src\ColorMap.h">
      <Filter>Header Files\music</Filter>
    </ClInclude>
    <ClInclude Include="src\AbstractProvider.h">
      <Filter>Header Files\music</Filter>
    </ClInclude>
    <ClInclude Include="src\FileParser.h">
      <Filter>Header Files\music\parser</Filter>
    </ClInclude>
    <ClInclude Include="src\MusicBlockParser.h">
      <Filter>Header Files\music\parser</Filter>
    </ClInclude>
    <ClInclude Include="src\FallingMusicBlockFactory.h">
      <Filter>Header Files\music\factory</Filter>
    </ClInclude>
    <ClInclude Include="src\MusicBlockFactory.h">
      <Filter>Header Files\music\factory</Filter>
    </ClInclude>
    <ClInclude Include="src\SimpleFileParser.h">
      <Filter>Header Files\music\parser</Filter>
    </ClInclude>
    <ClInclude Include="src\SimpleMusicBlockFactory.h">
      <Filter>Header Files\music\factory</Filter>
    </ClInclude>
    <ClInclude Include="src\MusicNote.h">
      <Filter>Header Files\music\model</Filter>
    </ClInclude>
    <ClInclude Include="src\MusicFileConfig.h">
      <Filter>Header Files\music\model</Filter>
    </ClInclude>
    <ClInclude Include="src\MusicBlock.h">
      <Filter>Header Files\music\model</Filter>
    </ClInclude>
    <ClInclude Include="src\SimpleMusicBlockParser.h">
      <Filter>Header Files\music\parser</Filter>
    </ClInclude>
    <ClInclude Include="src\XMLMusicBlockParser.h">
      <Filter>Header Files\music\parser</Filter>
    </ClInclude>
    <ClInclude Include="src\ResourceManager.h">
      <Filter>Header Files\ui</Filter>
    </ClInclude>
    <ClInclude Include="src\SoundMovingAreaBuilder.h">
      <Filter>Header Files\music\factory</Filter>
    </ClInclude>
    <ClInclude Include="src\AreaBuilder.h">
      <Filter>Header Files\music\factory</Filter>
    </ClInclude>
    <ClInclude Include="src\MovingMusicBlock.h">
      <Filter>Header Files\music\model</Filter>
    </ClInclude>
  </ItemGroup>
</Project>